{
  "name": "triangles-paperjs",
  "version": "1.0.0",
  "lockfileVersion": 1,
  "requires": true,
  "dependencies": {
    "delaunator": {
      "version": "1.0.4",
      "resolved": "https://registry.npmjs.org/delaunator/-/delaunator-1.0.4.tgz",
      "integrity": "sha512-sexTld1h6472qS4dUKHWqVU4Du+00GU/l/VfYQqyYkjA94WB4VXOJbpg4zG6FF/a8mDDL3gMMbgghUtcTUMDPw=="
    },
    "paper": {
      "version": "0.11.4",
      "resolved": "https://registry.npmjs.org/paper/-/paper-0.11.4.tgz",
      "integrity": "sha512-oSkKKeL1+wCEccBMxHmjxwIb5pjkxZ7Q+LiLgTEl6fxUDjEUHO9Dj/XyQmpZvbwUUAW7bv7dLhXB9w1NVn60PQ=="
    }
  }
}
